
Microsoft Visual Studio Solution File, Format Version 12.00
# Visual Studio Version 16
VisualStudioVersion = 16.0.29123.88
MinimumVisualStudioVersion = 10.0.40219.1
Project("{9A19103F-16F7-4668-BE54-9A1E7A4F7556}") = "Pets", "Home\Pets.csproj", "{0DEDDB46-545E-4E39-BA2C-9C6A0B501D41}"
EndProject
Global
	GlobalSection(SolutionConfigurationPlatforms) = preSolution
		Debug|Any CPU = Debug|Any CPU
		Release|Any CPU = Release|Any CPU
	EndGlobalSection
	GlobalSection(ProjectConfigurationPlatforms) = postSolution
		{0DEDDB46-545E-4E39-BA2C-9C6A0B501D41}.Debug|Any CPU.ActiveCfg = Debug|Any CPU
		{0DEDDB46-545E-4E39-BA2C-9C6A0B501D41}.Debug|Any CPU.Build.0 = Debug|Any CPU
		{0DEDDB46-545E-4E39-BA2C-9C6A0B501D41}.Release|Any CPU.ActiveCfg = Release|Any CPU
		{0DEDDB46-545E-4E39-BA2C-9C6A0B501D41}.Release|Any CPU.Build.0 = Release|Any CPU
	EndGlobalSection
	GlobalSection(SolutionProperties) = preSolution
		HideSolutionNode = FALSE
	EndGlobalSection
	GlobalSection(ExtensibilityGlobals) = postSolution
		SolutionGuid = {2E52E151-0C45-4B5A-8F6F-3E8C117C1CA4}
	EndGlobalSection
EndGlobal
